
Microsoft Visual Studio Solution File, Format Version 12.00
# Visual Studio Version 17
VisualStudioVersion = 17.0.31903.59
MinimumVisualStudioVersion = 10.0.40219.1
Project("{2150E333-8FDC-42A3-9474-1A3956D46DE8}") = "src", "src", "{827E0CD3-B72D-47B6-A68D-7590B98EB39B}"
EndProject
Project("{FAE04EC0-301F-11D3-BF4B-00C04F79EFBC}") = "Pawnsmith.Domain", "src\Pawnsmith.Domain\Pawnsmith.Domain.csproj", "{52E11996-840D-4572-8F39-9CC38AC47BD3}"
EndProject
Project("{FAE04EC0-301F-11D3-BF4B-00C04F79EFBC}") = "Pawnsmith.Application", "src\Pawnsmith.Application\Pawnsmith.Application.csproj", "{5570B143-313A-486D-B069-335020008334}"
EndProject
Project("{FAE04EC0-301F-11D3-BF4B-00C04F79EFBC}") = "Pawnsmith.Infrastructure", "src\Pawnsmith.Infrastructure\Pawnsmith.Infrastructure.csproj", "{C27CFDA9-27DB-4F65-B29D-5B3119E4464C}"
EndProject
Project("{FAE04EC0-301F-11D3-BF4B-00C04F79EFBC}") = "Pawnsmith.Api", "src\Pawnsmith.Api\Pawnsmith.Api.csproj", "{FD507141-781C-4131-82FD-9AF92ED59528}"
EndProject
Project("{2150E333-8FDC-42A3-9474-1A3956D46DE8}") = "tools", "tools", "{07C2787E-EAC7-C090-1BA3-A61EC2A24D84}"
EndProject
Project("{FAE04EC0-301F-11D3-BF4B-00C04F79EFBC}") = "Pawnsmith.Cli", "tools\Pawnsmith.Cli\Pawnsmith.Cli.csproj", "{6FE49945-500C-4D9C-8B12-F2852E09D641}"
EndProject
Project("{2150E333-8FDC-42A3-9474-1A3956D46DE8}") = "tests", "tests", "{0AB3BF05-4346-4AA6-1389-037BE0695223}"
EndProject
Project("{FAE04EC0-301F-11D3-BF4B-00C04F79EFBC}") = "Pawnsmith.Domain.Tests", "tests\Pawnsmith.Domain.Tests\Pawnsmith.Domain.Tests.csproj", "{E2589887-3FBE-4D1E-A7EC-D96C188E0A1E}"
EndProject
Project("{FAE04EC0-301F-11D3-BF4B-00C04F79EFBC}") = "Pawnsmith.Infrastructure.Tests", "tests\Pawnsmith.Infrastructure.Tests\Pawnsmith.Infrastructure.Tests.csproj", "{8D63611B-C56F-4A8B-9641-3DF09E16C6A0}"
EndProject
Global
	GlobalSection(SolutionConfigurationPlatforms) = preSolution
		Debug|Any CPU = Debug|Any CPU
		Debug|x64 = Debug|x64
		Debug|x86 = Debug|x86
		Release|Any CPU = Release|Any CPU
		Release|x64 = Release|x64
		Release|x86 = Release|x86
	EndGlobalSection
	GlobalSection(ProjectConfigurationPlatforms) = postSolution
		{52E11996-840D-4572-8F39-9CC38AC47BD3}.Debug|Any CPU.ActiveCfg = Debug|Any CPU
		{52E11996-840D-4572-8F39-9CC38AC47BD3}.Debug|Any CPU.Build.0 = Debug|Any CPU
		{52E11996-840D-4572-8F39-9CC38AC47BD3}.Debug|x64.ActiveCfg = Debug|Any CPU
		{52E11996-840D-4572-8F39-9CC38AC47BD3}.Debug|x64.Build.0 = Debug|Any CPU
		{52E11996-840D-4572-8F39-9CC38AC47BD3}.Debug|x86.ActiveCfg = Debug|Any CPU
		{52E11996-840D-4572-8F39-9CC38AC47BD3}.Debug|x86.Build.0 = Debug|Any CPU
		{52E11996-840D-4572-8F39-9CC38AC47BD3}.Release|Any CPU.ActiveCfg = Release|Any CPU
		{52E11996-840D-4572-8F39-9CC38AC47BD3}.Release|Any CPU.Build.0 = Release|Any CPU
		{52E11996-840D-4572-8F39-9CC38AC47BD3}.Release|x64.ActiveCfg = Release|Any CPU
		{52E11996-840D-4572-8F39-9CC38AC47BD3}.Release|x64.Build.0 = Release|Any CPU
		{52E11996-840D-4572-8F39-9CC38AC47BD3}.Release|x86.ActiveCfg = Release|Any CPU
		{52E11996-840D-4572-8F39-9CC38AC47BD3}.Release|x86.Build.0 = Release|Any CPU
		{5570B143-313A-486D-B069-335020008334}.Debug|Any CPU.ActiveCfg = Debug|Any CPU
		{5570B143-313A-486D-B069-335020008334}.Debug|Any CPU.Build.0 = Debug|Any CPU
		{5570B143-313A-486D-B069-335020008334}.Debug|x64.ActiveCfg = Debug|Any CPU
		{5570B143-313A-486D-B069-335020008334}.Debug|x64.Build.0 = Debug|Any CPU
		{5570B143-313A-486D-B069-335020008334}.Debug|x86.ActiveCfg = Debug|Any CPU
		{5570B143-313A-486D-B069-335020008334}.Debug|x86.Build.0 = Debug|Any CPU
		{5570B143-313A-486D-B069-335020008334}.Release|Any CPU.ActiveCfg = Release|Any CPU
		{5570B143-313A-486D-B069-335020008334}.Release|Any CPU.Build.0 = Release|Any CPU
		{5570B143-313A-486D-B069-335020008334}.Release|x64.ActiveCfg = Release|Any CPU
		{5570B143-313A-486D-B069-335020008334}.Release|x64.Build.0 = Release|Any CPU
		{5570B143-313A-486D-B069-335020008334}.Release|x86.ActiveCfg = Release|Any CPU
		{5570B143-313A-486D-B069-335020008334}.Release|x86.Build.0 = Release|Any CPU
		{C27CFDA9-27DB-4F65-B29D-5B3119E4464C}.Debug|Any CPU.ActiveCfg = Debug|Any CPU
		{C27CFDA9-27DB-4F65-B29D-5B3119E4464C}.Debug|Any CPU.Build.0 = Debug|Any CPU
		{C27CFDA9-27DB-4F65-B29D-5B3119E4464C}.Debug|x64.ActiveCfg = Debug|Any CPU
		{C27CFDA9-27DB-4F65-B29D-5B3119E4464C}.Debug|x64.Build.0 = Debug|Any CPU
		{C27CFDA9-27DB-4F65-B29D-5B3119E4464C}.Debug|x86.ActiveCfg = Debug|Any CPU
		{C27CFDA9-27DB-4F65-B29D-5B3119E4464C}.Debug|x86.Build.0 = Debug|Any CPU
		{C27CFDA9-27DB-4F65-B29D-5B3119E4464C}.Release|Any CPU.ActiveCfg = Release|Any CPU
		{C27CFDA9-27DB-4F65-B29D-5B3119E4464C}.Release|Any CPU.Build.0 = Release|Any CPU
		{C27CFDA9-27DB-4F65-B29D-5B3119E4464C}.Release|x64.ActiveCfg = Release|Any CPU
		{C27CFDA9-27DB-4F65-B29D-5B3119E4464C}.Release|x64.Build.0 = Release|Any CPU
		{C27CFDA9-27DB-4F65-B29D-5B3119E4464C}.Release|x86.ActiveCfg = Release|Any CPU
		{C27CFDA9-27DB-4F65-B29D-5B3119E4464C}.Release|x86.Build.0 = Release|Any CPU
		{FD507141-781C-4131-82FD-9AF92ED59528}.Debug|Any CPU.ActiveCfg = Debug|Any CPU
		{FD507141-781C-4131-82FD-9AF92ED59528}.Debug|Any CPU.Build.0 = Debug|Any CPU
		{FD507141-781C-4131-82FD-9AF92ED59528}.Debug|x64.ActiveCfg = Debug|Any CPU
		{FD507141-781C-4131-82FD-9AF92ED59528}.Debug|x64.Build.0 = Debug|Any CPU
		{FD507141-781C-4131-82FD-9AF92ED59528}.Debug|x86.ActiveCfg = Debug|Any CPU
		{FD507141-781C-4131-82FD-9AF92ED59528}.Debug|x86.Build.0 = Debug|Any CPU
		{FD507141-781C-4131-82FD-9AF92ED59528}.Release|Any CPU.ActiveCfg = Release|Any CPU
		{FD507141-781C-4131-82FD-9AF92ED59528}.Release|Any CPU.Build.0 = Release|Any CPU
		{FD507141-781C-4131-82FD-9AF92ED59528}.Release|x64.ActiveCfg = Release|Any CPU
		{FD507141-781C-4131-82FD-9AF92ED59528}.Release|x64.Build.0 = Release|Any CPU
		{FD507141-781C-4131-82FD-9AF92ED59528}.Release|x86.ActiveCfg = Release|Any CPU
		{FD507141-781C-4131-82FD-9AF92ED59528}.Release|x86.Build.0 = Release|Any CPU
		{6FE49945-500C-4D9C-8B12-F2852E09D641}.Debug|Any CPU.ActiveCfg = Debug|Any CPU
		{6FE49945-500C-4D9C-8B12-F2852E09D641}.Debug|Any CPU.Build.0 = Debug|Any CPU
		{6FE49945-500C-4D9C-8B12-F2852E09D641}.Debug|x64.ActiveCfg = Debug|Any CPU
		{6FE49945-500C-4D9C-8B12-F2852E09D641}.Debug|x64.Build.0 = Debug|Any CPU
		{6FE49945-500C-4D9C-8B12-F2852E09D641}.Debug|x86.ActiveCfg = Debug|Any CPU
		{6FE49945-500C-4D9C-8B12-F2852E09D641}.Debug|x86.Build.0 = Debug|Any CPU
		{6FE49945-500C-4D9C-8B12-F2852E09D641}.Release|Any CPU.ActiveCfg = Release|Any CPU
		{6FE49945-500C-4D9C-8B12-F2852E09D641}.Release|Any CPU.Build.0 = Release|Any CPU
		{6FE49945-500C-4D9C-8B12-F2852E09D641}.Release|x64.ActiveCfg = Release|Any CPU
		{6FE49945-500C-4D9C-8B12-F2852E09D641}.Release|x64.Build.0 = Release|Any CPU
		{6FE49945-500C-4D9C-8B12-F2852E09D641}.Release|x86.ActiveCfg = Release|Any CPU
		{6FE49945-500C-4D9C-8B12-F2852E09D641}.Release|x86.Build.0 = Release|Any CPU
		{E2589887-3FBE-4D1E-A7EC-D96C188E0A1E}.Debug|Any CPU.ActiveCfg = Debug|Any CPU
		{E2589887-3FBE-4D1E-A7EC-D96C188E0A1E}.Debug|Any CPU.Build.0 = Debug|Any CPU
		{E2589887-3FBE-4D1E-A7EC-D96C188E0A1E}.Debug|x64.ActiveCfg = Debug|Any CPU
		{E2589887-3FBE-4D1E-A7EC-D96C188E0A1E}.Debug|x64.Build.0 = Debug|Any CPU
		{E2589887-3FBE-4D1E-A7EC-D96C188E0A1E}.Debug|x86.ActiveCfg = Debug|Any CPU
		{E2589887-3FBE-4D1E-A7EC-D96C188E0A1E}.Debug|x86.Build.0 = Debug|Any CPU
		{E2589887-3FBE-4D1E-A7EC-D96C188E0A1E}.Release|Any CPU.ActiveCfg = Release|Any CPU
		{E2589887-3FBE-4D1E-A7EC-D96C188E0A1E}.Release|Any CPU.Build.0 = Release|Any CPU
		{E2589887-3FBE-4D1E-A7EC-D96C188E0A1E}.Release|x64.ActiveCfg = Release|Any CPU
		{E2589887-3FBE-4D1E-A7EC-D96C188E0A1E}.Release|x64.Build.0 = Release|Any CPU
		{E2589887-3FBE-4D1E-A7EC-D96C188E0A1E}.Release|x86.ActiveCfg = Release|Any CPU
		{E2589887-3FBE-4D1E-A7EC-D96C188E0A1E}.Release|x86.Build.0 = Release|Any CPU
		{8D63611B-C56F-4A8B-9641-3DF09E16C6A0}.Debug|Any CPU.ActiveCfg = Debug|Any CPU
		{8D63611B-C56F-4A8B-9641-3DF09E16C6A0}.Debug|Any CPU.Build.0 = Debug|Any CPU
		{8D63611B-C56F-4A8B-9641-3DF09E16C6A0}.Debug|x64.ActiveCfg = Debug|Any CPU
		{8D63611B-C56F-4A8B-9641-3DF09E16C6A0}.Debug|x64.Build.0 = Debug|Any CPU
		{8D63611B-C56F-4A8B-9641-3DF09E16C6A0}.Debug|x86.ActiveCfg = Debug|Any CPU
		{8D63611B-C56F-4A8B-9641-3DF09E16C6A0}.Debug|x86.Build.0 = Debug|Any CPU
		{8D63611B-C56F-4A8B-9641-3DF09E16C6A0}.Release|Any CPU.ActiveCfg = Release|Any CPU
		{8D63611B-C56F-4A8B-9641-3DF09E16C6A0}.Release|Any CPU.Build.0 = Release|Any CPU
		{8D63611B-C56F-4A8B-9641-3DF09E16C6A0}.Release|x64.ActiveCfg = Release|Any CPU
		{8D63611B-C56F-4A8B-9641-3DF09E16C6A0}.Release|x64.Build.0 = Release|Any CPU
		{8D63611B-C56F-4A8B-9641-3DF09E16C6A0}.Release|x86.ActiveCfg = Release|Any CPU
		{8D63611B-C56F-4A8B-9641-3DF09E16C6A0}.Release|x86.Build.0 = Release|Any CPU
	EndGlobalSection
	GlobalSection(SolutionProperties) = preSolution
		HideSolutionNode = FALSE
	EndGlobalSection
	GlobalSection(NestedProjects) = preSolution
		{52E11996-840D-4572-8F39-9CC38AC47BD3} = {827E0CD3-B72D-47B6-A68D-7590B98EB39B}
		{5570B143-313A-486D-B069-335020008334} = {827E0CD3-B72D-47B6-A68D-7590B98EB39B}
		{C27CFDA9-27DB-4F65-B29D-5B3119E4464C} = {827E0CD3-B72D-47B6-A68D-7590B98EB39B}
		{FD507141-781C-4131-82FD-9AF92ED59528} = {827E0CD3-B72D-47B6-A68D-7590B98EB39B}
		{6FE49945-500C-4D9C-8B12-F2852E09D641} = {07C2787E-EAC7-C090-1BA3-A61EC2A24D84}
		{E2589887-3FBE-4D1E-A7EC-D96C188E0A1E} = {0AB3BF05-4346-4AA6-1389-037BE0695223}
		{8D63611B-C56F-4A8B-9641-3DF09E16C6A0} = {0AB3BF05-4346-4AA6-1389-037BE0695223}
	EndGlobalSection
EndGlobal
